
Microsoft Visual Studio Solution File, Format Version 12.00
# Visual Studio Version 16
VisualStudioVersion = 16.0.30011.22
MinimumVisualStudioVersion = 10.0.40219.1
Project("{FAE04EC0-301F-11D3-BF4B-00C04F79EFBC}") = "Skinet.API", "Skinet.API\Skinet.API.csproj", "{5AE451E5-AE27-4165-8AAE-F01C108812EE}"
EndProject
Project("{FAE04EC0-301F-11D3-BF4B-00C04F79EFBC}") = "Skinet.Core", "Skinet.Core\Skinet.Core.csproj", "{585D502F-F2F4-4625-B52D-7FFD8E251706}"
EndProject
Project("{FAE04EC0-301F-11D3-BF4B-00C04F79EFBC}") = "Skinet.Infrastructure", "Skinet.Infrastructure\Skinet.Infrastructure.csproj", "{D64EFCD8-2D25-49B4-86C0-DC5C1A915D54}"
EndProject
Global
	GlobalSection(SolutionConfigurationPlatforms) = preSolution
		Debug|Any CPU = Debug|Any CPU
		Release|Any CPU = Release|Any CPU
	EndGlobalSection
	GlobalSection(ProjectConfigurationPlatforms) = postSolution
		{5AE451E5-AE27-4165-8AAE-F01C108812EE}.Debug|Any CPU.ActiveCfg = Debug|Any CPU
		{5AE451E5-AE27-4165-8AAE-F01C108812EE}.Debug|Any CPU.Build.0 = Debug|Any CPU
		{5AE451E5-AE27-4165-8AAE-F01C108812EE}.Release|Any CPU.ActiveCfg = Release|Any CPU
		{5AE451E5-AE27-4165-8AAE-F01C108812EE}.Release|Any CPU.Build.0 = Release|Any CPU
		{585D502F-F2F4-4625-B52D-7FFD8E251706}.Debug|Any CPU.ActiveCfg = Debug|Any CPU
		{585D502F-F2F4-4625-B52D-7FFD8E251706}.Debug|Any CPU.Build.0 = Debug|Any CPU
		{585D502F-F2F4-4625-B52D-7FFD8E251706}.Release|Any CPU.ActiveCfg = Release|Any CPU
		{585D502F-F2F4-4625-B52D-7FFD8E251706}.Release|Any CPU.Build.0 = Release|Any CPU
		{D64EFCD8-2D25-49B4-86C0-DC5C1A915D54}.Debug|Any CPU.ActiveCfg = Debug|Any CPU
		{D64EFCD8-2D25-49B4-86C0-DC5C1A915D54}.Debug|Any CPU.Build.0 = Debug|Any CPU
		{D64EFCD8-2D25-49B4-86C0-DC5C1A915D54}.Release|Any CPU.ActiveCfg = Release|Any CPU
		{D64EFCD8-2D25-49B4-86C0-DC5C1A915D54}.Release|Any CPU.Build.0 = Release|Any CPU
	EndGlobalSection
	GlobalSection(SolutionProperties) = preSolution
		HideSolutionNode = FALSE
	EndGlobalSection
	GlobalSection(ExtensibilityGlobals) = postSolution
		SolutionGuid = {484FFA31-2B6F-46D4-ADDC-8C23CE0E27DB}
	EndGlobalSection
EndGlobal
